
Microsoft Visual Studio Solution File, Format Version 12.00
# Visual Studio Version 16
VisualStudioVersion = 16.0.32126.315
MinimumVisualStudioVersion = 10.0.40219.1
Project("{9A19103F-16F7-4668-BE54-9A1E7A4F7556}") = "LibraryManagementSystem", "LibraryManagementSystem\LibraryManagementSystem.csproj", "{DACE2ECB-A645-459A-9B5C-930E11291534}"
EndProject
Project("{FAE04EC0-301F-11D3-BF4B-00C04F79EFBC}") = "Datalayer", "Datalayer\Datalayer.csproj", "{C021EDB8-4880-4FA1-952B-6B160DEEF243}"
EndProject
Global
	GlobalSection(SolutionConfigurationPlatforms) = preSolution
		Debug|Any CPU = Debug|Any CPU
		Release|Any CPU = Release|Any CPU
	EndGlobalSection
	GlobalSection(ProjectConfigurationPlatforms) = postSolution
		{DACE2ECB-A645-459A-9B5C-930E11291534}.Debug|Any CPU.ActiveCfg = Debug|Any CPU
		{DACE2ECB-A645-459A-9B5C-930E11291534}.Debug|Any CPU.Build.0 = Debug|Any CPU
		{DACE2ECB-A645-459A-9B5C-930E11291534}.Release|Any CPU.ActiveCfg = Release|Any CPU
		{DACE2ECB-A645-459A-9B5C-930E11291534}.Release|Any CPU.Build.0 = Release|Any CPU
		{C021EDB8-4880-4FA1-952B-6B160DEEF243}.Debug|Any CPU.ActiveCfg = Debug|Any CPU
		{C021EDB8-4880-4FA1-952B-6B160DEEF243}.Debug|Any CPU.Build.0 = Debug|Any CPU
		{C021EDB8-4880-4FA1-952B-6B160DEEF243}.Release|Any CPU.ActiveCfg = Release|Any CPU
		{C021EDB8-4880-4FA1-952B-6B160DEEF243}.Release|Any CPU.Build.0 = Release|Any CPU
	EndGlobalSection
	GlobalSection(SolutionProperties) = preSolution
		HideSolutionNode = FALSE
	EndGlobalSection
	GlobalSection(ExtensibilityGlobals) = postSolution
		SolutionGuid = {C466F8D3-B6FF-43BB-BA1C-46C1D11841F9}
	EndGlobalSection
EndGlobal
